
Microsoft Visual Studio Solution File, Format Version 12.00
# Visual Studio Version 17
VisualStudioVersion = 17.14.36414.22 d17.14
MinimumVisualStudioVersion = 10.0.40219.1
Project("{888888A0-9F3D-457C-B088-3A5042F75D52}") = "softwareforjobhunters_showcase", "softwareforjobhunters_showcase\softwareforjobhunters_showcase.pyproj", "{8808B77F-95FF-4BF1-9BB2-DEF145C49ACA}"
EndProject
Global
	GlobalSection(SolutionConfigurationPlatforms) = preSolution
		Debug|Any CPU = Debug|Any CPU
		Release|Any CPU = Release|Any CPU
	EndGlobalSection
	GlobalSection(ProjectConfigurationPlatforms) = postSolution
		{8808B77F-95FF-4BF1-9BB2-DEF145C49ACA}.Debug|Any CPU.ActiveCfg = Debug|Any CPU
		{8808B77F-95FF-4BF1-9BB2-DEF145C49ACA}.Release|Any CPU.ActiveCfg = Release|Any CPU
	EndGlobalSection
	GlobalSection(SolutionProperties) = preSolution
		HideSolutionNode = FALSE
	EndGlobalSection
	GlobalSection(ExtensibilityGlobals) = postSolution
		SolutionGuid = {60443C62-1B21-4ED9-8AD7-2376A9A861AC}
	EndGlobalSection
EndGlobal
